{
  "_": "ختم تجميد النواة — المادة 1/41/100. لا يُعدَّل يدويًا إطلاقًا.",
  "core_version": "1.31.0",
  "sealed_at": "2026-08-31T20:40:48+00:00",
  "algorithm": "sha256",
  "root_digest": "1b0d0f6b9150598432e7d7e8a20c0d276d68e097aeac8f21e45df847b3061c38",
  "file_count": 23,
  "previous_root_digest": "75358400bdc89f11c5023b5c055dcef53350397dd1c9d2726fe687abbbd47332",
  "files": {
    "core/__init__.py": "a9ef66729769e38ddcbf7bdda5bb520cec489d7f3f63aeca145b071be41cf8d8",
    "core/__version__.py": "49a32d65e0d5dab5dbdecb15132903840e39819148fb91afaaf9ac28d82bbc25",
    "core/api/__init__.py": "ed65b90df7e58a7d8548c543ae596df49cb12c491d95d405ab3c0793b93d337c",
    "core/api/app.py": "33dbbcd49f1f034bd0cff161e9e39aaeeb6108426044a2de3dbe5ef28235e7c2",
    "core/bootloader.py": "d3944eca3779193a53d4a7678a27c7a01b7d724d24fd99bc6c3336fdc514b0a4",
    "core/config.py": "3053d4f3d2f62b93ad0106b2425eef3c77dc3088a79dd72b1c1184bbb70fa89a",
    "core/contracts/__init__.py": "0e717f233cdece5da3ec7811712be66829797bae9a7ea665c7ab1e0308e1e65a",
    "core/contracts/atom.py": "11ce35335b7b102bd25eab018f1388152bdf3753432776e9dbde3da376f7f3b2",
    "core/contracts/manifest.py": "e92a5c266190580167b50c5e32d7e9aa1597132f17fc6d8652c7d7b63c942fa2",
    "core/contracts/services.py": "0bd690f939bb1d10bcc8d97276b025765c9924ded68e438813c9d234e5a03e3c",
    "core/dependency_resolver.py": "98961fdac14dbb0e83ea0fd4f39c911393b00723072f01ccc6f7be124356f699",
    "core/errors.py": "2fb9f8ceec15583402ac540e9daf89e7efaf7e38469cd760ca933aaa8da93f18",
    "core/event_bus.py": "6e4433d7faabc3f74745d87d2b693206686937c573ebd4bd1f65ac9719a47038",
    "core/health_manager.py": "559f2380cfe9f8656ab1a95c81508e4d0b1888a6d69266102cc0c3f481b95f99",
    "core/hot_reload_service.py": "47b170c585afcf43ec54636f016e75f483d5351ba8cac0e3f14e447ced1dfec9",
    "core/journal.py": "b9657bb27daa7778450ac4e152bf0ff597bc770d4f1c940d9979d51f570e7491",
    "core/lifecycle.py": "cc63112ca2a4b4763af57b68f75a21c70cef6a01dfaca0b4612db9b3ae94f2db",
    "core/logger.py": "d58fe05bcdb3473f1a3d4fc232d34d2160d38f1f796cc729658abaec1469a1c8",
    "core/manifest_loader.py": "acfd71bc6b986d4c0625338e9f664da41af75a4be7a88b9157a766c4c5c71ffd",
    "core/metrics.py": "f93e6f58fdead6c988654dec21712261dbe01cdc6672e0c96152ad7cb6b93734",
    "core/registry.py": "a7859de07a9cf7a1aec150a1add497b55a3b349b546b920f121ece0ad6a1bb8d",
    "core/snapshot_engine.py": "7eae45bd15e5043d4d1d523f5708953f8f77c642e4227da03cc15441c586523f",
    "core/version_manager.py": "a3f9dc91ab4ee8517d0138696a3bc363d967cee95c64e826cc1ad4f75e4bf209"
  }
}
